
Microsoft Visual Studio Solution File, Format Version 12.00
# Visual Studio 15
VisualStudioVersion = 15.0.26730.15
MinimumVisualStudioVersion = 10.0.40219.1
Project("{9A19103F-16F7-4668-BE54-9A1E7A4F7556}") = "BitSharp.Library", "src\BitSharp.Library\BitSharp.Library.csproj", "{0F807763-4220-49C2-820C-B463BFE7FDC5}"
EndProject
Project("{2150E333-8FDC-42A3-9474-1A3956D46DE8}") = "Library", "Library", "{B72A4AFD-B85F-4385-9846-7AF3063A3A68}"
EndProject
Project("{2150E333-8FDC-42A3-9474-1A3956D46DE8}") = "Client", "Client", "{53138091-1951-4210-ADB3-1805B8DDAAAE}"
EndProject
Project("{FAE04EC0-301F-11D3-BF4B-00C04F79EFBC}") = "BitSharp.SimpleClient", "src\BitSharp.SimpleClient\BitSharp.SimpleClient.csproj", "{B38491E6-5F7F-4323-985A-B426B17900EB}"
EndProject
Global
	GlobalSection(SolutionConfigurationPlatforms) = preSolution
		Debug|Any CPU = Debug|Any CPU
		Release|Any CPU = Release|Any CPU
	EndGlobalSection
	GlobalSection(ProjectConfigurationPlatforms) = postSolution
		{0F807763-4220-49C2-820C-B463BFE7FDC5}.Debug|Any CPU.ActiveCfg = Debug|Any CPU
		{0F807763-4220-49C2-820C-B463BFE7FDC5}.Debug|Any CPU.Build.0 = Debug|Any CPU
		{0F807763-4220-49C2-820C-B463BFE7FDC5}.Release|Any CPU.ActiveCfg = Release|Any CPU
		{0F807763-4220-49C2-820C-B463BFE7FDC5}.Release|Any CPU.Build.0 = Release|Any CPU
		{B38491E6-5F7F-4323-985A-B426B17900EB}.Debug|Any CPU.ActiveCfg = Debug|Any CPU
		{B38491E6-5F7F-4323-985A-B426B17900EB}.Debug|Any CPU.Build.0 = Debug|Any CPU
		{B38491E6-5F7F-4323-985A-B426B17900EB}.Release|Any CPU.ActiveCfg = Release|Any CPU
		{B38491E6-5F7F-4323-985A-B426B17900EB}.Release|Any CPU.Build.0 = Release|Any CPU
	EndGlobalSection
	GlobalSection(SolutionProperties) = preSolution
		HideSolutionNode = FALSE
	EndGlobalSection
	GlobalSection(NestedProjects) = preSolution
		{0F807763-4220-49C2-820C-B463BFE7FDC5} = {B72A4AFD-B85F-4385-9846-7AF3063A3A68}
		{B38491E6-5F7F-4323-985A-B426B17900EB} = {53138091-1951-4210-ADB3-1805B8DDAAAE}
	EndGlobalSection
	GlobalSection(ExtensibilityGlobals) = postSolution
		SolutionGuid = {23448492-B6C3-4117-8F93-934B2309E9A3}
	EndGlobalSection
EndGlobal
